// !$*UTF8*$!
{
	archiveVersion = 1;
	classes = {
	};
	objectVersion = 56;
	objects = {

/* Begin PBXBuildFile section */
		AD61C3DA28F80C3B0010A6B9 /* AppDelegate.swift in Sources */ = {isa = PBXBuildFile; fileRef = AD61C3D928F80C3B0010A6B9 /* AppDelegate.swift */; };
		AD61C3DC28F80C3B0010A6B9 /* SceneDelegate.swift in Sources */ = {isa = PBXBuildFile; fileRef = AD61C3DB28F80C3B0010A6B9 /* SceneDelegate.swift */; };
		AD61C3DE28F80C3B0010A6B9 /* ViewController.swift in Sources */ = {isa = PBXBuildFile; fileRef = AD61C3DD28F80C3B0010A6B9 /* ViewController.swift */; };
		AD61C3E128F80C3B0010A6B9 /* Main.storyboard in Resources */ = {isa = PBXBuildFile; fileRef = AD61C3DF28F80C3B0010A6B9 /* Main.storyboard */; };
		AD61C3E328F80C3C0010A6B9 /* Assets.xcassets in Resources */ = {isa = PBXBuildFile; fileRef = AD61C3E228F80C3C0010A6B9 /* Assets.xcassets */; };
		AD61C3E628F80C3C0010A6B9 /* LaunchScreen.storyboard in Resources */ = {isa = PBXBuildFile; fileRef = AD61C3E428F80C3C0010A6B9 /* LaunchScreen.storyboard */; };
		E7329B101665946CDFE9A553 /* Pods_Radius.framework in Frameworks */ = {isa = PBXBuildFile; fileRef = 2CCF2484339BA2D29ADFB701 /* Pods_Radius.framework */; };
/* End PBXBuildFile section */

/* Begin PBXFileReference section */
		2CCF2484339BA2D29ADFB701 /* Pods_Radius.framework */ = {isa = PBXFileReference; explicitFileType = wrapper.framework; includeInIndex = 0; path = Pods_Radius.framework; sourceTree = BUILT_PRODUCTS_DIR; };
		6AB03373C0FA1C01B118E49E /* Pods-Radius.debug.xcconfig */ = {isa = PBXFileReference; includeInIndex = 1; lastKnownFileType = text.xcconfig; name = "Pods-Radius.debug.xcconfig"; path = "Target Support Files/Pods-Radius/Pods-Radius.debug.xcconfig"; sourceTree = "<group>"; };
		708C48AB13C991BECB894734 /* Pods-Radius.release.xcconfig */ = {isa = PBXFileReference; includeInIndex = 1; lastKnownFileType = text.xcconfig; name = "Pods-Radius.release.xcconfig"; path = "Target Support Files/Pods-Radius/Pods-Radius.release.xcconfig"; sourceTree = "<group>"; };
		AD61C3D628F80C3B0010A6B9 /* Radius.app */ = {isa = PBXFileReference; explicitFileType = wrapper.application; includeInIndex = 0; path = Radius.app; sourceTree = BUILT_PRODUCTS_DIR; };
		AD61C3D928F80C3B0010A6B9 /* AppDelegate.swift */ = {isa = PBXFileReference; lastKnownFileType = sourcecode.swift; path = AppDelegate.swift; sourceTree = "<group>"; };
		AD61C3DB28F80C3B0010A6B9 /* SceneDelegate.swift */ = {isa = PBXFileReference; lastKnownFileType = sourcecode.swift; path = SceneDelegate.swift; sourceTree = "<group>"; };
		AD61C3DD28F80C3B0010A6B9 /* ViewController.swift */ = {isa = PBXFileReference; lastKnownFileType = sourcecode.swift; path = ViewController.swift; sourceTree = "<group>"; };
		AD61C3E028F80C3B0010A6B9 /* Base */ = {isa = PBXFileReference; lastKnownFileType = file.storyboard; name = Base; path = Base.lproj/Main.storyboard; sourceTree = "<group>"; };
		AD61C3E228F80C3C0010A6B9 /* Assets.xcassets */ = {isa = PBXFileReference; lastKnownFileType = folder.assetcatalog; path = Assets.xcassets; sourceTree = "<group>"; };
		AD61C3E528F80C3C0010A6B9 /* Base */ = {isa = PBXFileReference; lastKnownFileType = file.storyboard; name = Base; path = Base.lproj/LaunchScreen.storyboard; sourceTree = "<group>"; };
		AD61C3E728F80C3C0010A6B9 /* Info.plist */ = {isa = PBXFileReference; lastKnownFileType = text.plist.xml; path = Info.plist; sourceTree = "<group>"; };
		ADCCEC2128F91D540032A2C8 /* Radius-Bridging-Header.h */ = {isa = PBXFileReference; lastKnownFileType = sourcecode.c.h; path = "Radius-Bridging-Header.h"; sourceTree = "<group>"; };
/* End PBXFileReference section */

/* Begin PBXFrameworksBuildPhase section */
		AD61C3D328F80C3B0010A6B9 /* Frameworks */ = {
			isa = PBXFrameworksBuildPhase;
			buildActionMask = 2147483647;
			files = (
				E7329B101665946CDFE9A553 /* Pods_Radius.framework in Frameworks */,
			);
			runOnlyForDeploymentPostprocessing = 0;
		};
/* End PBXFrameworksBuildPhase section */

/* Begin PBXGroup section */
		0726293BC99F4B9F593986EF /* Pods */ = {
			isa = PBXGroup;
			children = (
				6AB03373C0FA1C01B118E49E /* Pods-Radius.debug.xcconfig */,
				708C48AB13C991BECB894734 /* Pods-Radius.release.xcconfig */,
			);
			path = Pods;
			sourceTree = "<group>";
		};
		AD61C3CD28F80C3B0010A6B9 = {
			isa = PBXGroup;
			children = (
				AD61C3D828F80C3B0010A6B9 /* Radius */,
				AD61C3D728F80C3B0010A6B9 /* Products */,
				0726293BC99F4B9F593986EF /* Pods */,
				C2522B9F769DABF345CA349F /* Frameworks */,
			);
			sourceTree = "<group>";
		};
		AD61C3D728F80C3B0010A6B9 /* Products */ = {
			isa = PBXGroup;
			children = (
				AD61C3D628F80C3B0010A6B9 /* Radius.app */,
			);
			name = Products;
			sourceTree = "<group>";
		};
		AD61C3D828F80C3B0010A6B9 /* Radius */ = {
			isa = PBXGroup;
			children = (
				AD61C3D928F80C3B0010A6B9 /* AppDelegate.swift */,
				AD61C3DB28F80C3B0010A6B9 /* SceneDelegate.swift */,
				AD61C3DD28F80C3B0010A6B9 /* ViewController.swift */,
				AD61C3DF28F80C3B0010A6B9 /* Main.storyboard */,
				AD61C3E228F80C3C0010A6B9 /* Assets.xcassets */,
				AD61C3E428F80C3C0010A6B9 /* LaunchScreen.storyboard */,
				AD61C3E728F80C3C0010A6B9 /* Info.plist */,
				ADCCEC2128F91D540032A2C8 /* Radius-Bridging-Header.h */,
			);
			path = Radius;
			sourceTree = "<group>";
		};
		C2522B9F769DABF345CA349F /* Frameworks */ = {
			isa = PBXGroup;
			children = (
				2CCF2484339BA2D29ADFB701 /* Pods_Radius.framework */,
			);
			name = Frameworks;
			sourceTree = "<group>";
		};
/* End PBXGroup section */

/* Begin PBXNativeTarget section */
		AD61C3D528F80C3B0010A6B9 /* Radius */ = {
			isa = PBXNativeTarget;
			buildConfigurationList = AD61C3EA28F80C3C0010A6B9 /* Build configuration list for PBXNativeTarget "Radius" */;
			buildPhases = (
				DED4EB4E89018FD599B82641 /* [CP] Check Pods Manifest.lock */,
				AD61C3D228F80C3B0010A6B9 /* Sources */,
				AD61C3D328F80C3B0010A6B9 /* Frameworks */,
				AD61C3D428F80C3B0010A6B9 /* Resources */,
				C9DBC5F63D400B806C3E7502 /* [CP] Copy Pods Resources */,
			);
			buildRules = (
			);
			dependencies = (
			);
			name = Radius;
			productName = Radius;
			productReference = AD61C3D628F80C3B0010A6B9 /* Radius.app */;
			productType = "com.apple.product-type.application";
		};
/* End PBXNativeTarget section */

/* Begin PBXProject section */
		AD61C3CE28F80C3B0010A6B9 /* Project object */ = {
			isa = PBXProject;
			attributes = {
				BuildIndependentTargetsInParallel = 1;
				LastSwiftUpdateCheck = 1400;
				LastUpgradeCheck = 1400;
				TargetAttributes = {
					AD61C3D528F80C3B0010A6B9 = {
						CreatedOnToolsVersion = 14.0.1;
						LastSwiftMigration = 1400;
					};
				};
			};
			buildConfigurationList = AD61C3D128F80C3B0010A6B9 /* Build configuration list for PBXProject "Radius" */;
			compatibilityVersion = "Xcode 14.0";
			developmentRegion = en;
			hasScannedForEncodings = 0;
			knownRegions = (
				en,
				Base,
			);
			mainGroup = AD61C3CD28F80C3B0010A6B9;
			productRefGroup = AD61C3D728F80C3B0010A6B9 /* Products */;
			projectDirPath = "";
			projectRoot = "";
			targets = (
				AD61C3D528F80C3B0010A6B9 /* Radius */,
			);
		};
/* End PBXProject section */

/* Begin PBXResourcesBuildPhase section */
		AD61C3D428F80C3B0010A6B9 /* Resources */ = {
			isa = PBXResourcesBuildPhase;
			buildActionMask = 2147483647;
			files = (
				AD61C3E628F80C3C0010A6B9 /* LaunchScreen.storyboard in Resources */,
				AD61C3E328F80C3C0010A6B9 /* Assets.xcassets in Resources */,
				AD61C3E128F80C3B0010A6B9 /* Main.storyboard in Resources */,
			);
			runOnlyForDeploymentPostprocessing = 0;
		};
/* End PBXResourcesBuildPhase section */

/* Begin PBXShellScriptBuildPhase section */
		C9DBC5F63D400B806C3E7502 /* [CP] Copy Pods Resources */ = {
			isa = PBXShellScriptBuildPhase;
			buildActionMask = 2147483647;
			files = (
			);
			inputFileListPaths = (
				"${PODS_ROOT}/Target Support Files/Pods-Radius/Pods-Radius-resources-${CONFIGURATION}-input-files.xcfilelist",
			);
			name = "[CP] Copy Pods Resources";
			outputFileListPaths = (
				"${PODS_ROOT}/Target Support Files/Pods-Radius/Pods-Radius-resources-${CONFIGURATION}-output-files.xcfilelist",
			);
			runOnlyForDeploymentPostprocessing = 0;
			shellPath = /bin/sh;
			shellScript = "\"${PODS_ROOT}/Target Support Files/Pods-Radius/Pods-Radius-resources.sh\"\n";
			showEnvVarsInLog = 0;
		};
		DED4EB4E89018FD599B82641 /* [CP] Check Pods Manifest.lock */ = {
			isa = PBXShellScriptBuildPhase;
			buildActionMask = 2147483647;
			files = (
			);
			inputFileListPaths = (
			);
			inputPaths = (
				"${PODS_PODFILE_DIR_PATH}/Podfile.lock",
				"${PODS_ROOT}/Manifest.lock",
			);
			name = "[CP] Check Pods Manifest.lock";
			outputFileListPaths = (
			);
			outputPaths = (
				"$(DERIVED_FILE_DIR)/Pods-Radius-checkManifestLockResult.txt",
			);
			runOnlyForDeploymentPostprocessing = 0;
			shellPath = /bin/sh;
			shellScript = "diff \"${PODS_PODFILE_DIR_PATH}/Podfile.lock\" \"${PODS_ROOT}/Manifest.lock\" > /dev/null\nif [ $? != 0 ] ; then\n    # print error to STDERR\n    echo \"error: The sandbox is not in sync with the Podfile.lock. Run 'pod install' or update your CocoaPods installation.\" >&2\n    exit 1\nfi\n# This output is used by Xcode 'outputs' to avoid re-running this script phase.\necho \"SUCCESS\" > \"${SCRIPT_OUTPUT_FILE_0}\"\n";
			showEnvVarsInLog = 0;
		};
/* End PBXShellScriptBuildPhase section */

/* Begin PBXSourcesBuildPhase section */
		AD61C3D228F80C3B0010A6B9 /* Sources */ = {
			isa = PBXSourcesBuildPhase;
			buildActionMask = 2147483647;
			files = (
				AD61C3DE28F80C3B0010A6B9 /* ViewController.swift in Sources */,
				AD61C3DA28F80C3B0010A6B9 /* AppDelegate.swift in Sources */,
				AD61C3DC28F80C3B0010A6B9 /* SceneDelegate.swift in Sources */,
			);
			runOnlyForDeploymentPostprocessing = 0;
		};
/* End PBXSourcesBuildPhase section */

/* Begin PBXVariantGroup section */
		AD61C3DF28F80C3B0010A6B9 /* Main.storyboard */ = {
			isa = PBXVariantGroup;
			children = (
				AD61C3E028F80C3B0010A6B9 /* Base */,
			);
			name = Main.storyboard;
			sourceTree = "<group>";
		};
		AD61C3E428F80C3C0010A6B9 /* LaunchScreen.storyboard */ = {
			isa = PBXVariantGroup;
			children = (
				AD61C3E528F80C3C0010A6B9 /* Base */,
			);
			name = LaunchScreen.storyboard;
			sourceTree = "<group>";
		};
/* End PBXVariantGroup section */

/* Begin XCBuildConfiguration section */
		AD61C3E828F80C3C0010A6B9 /* Debug */ = {
			isa = XCBuildConfiguration;
			buildSettings = {
				ALWAYS_SEARCH_USER_PATHS = NO;
				CLANG_ANALYZER_NONNULL = YES;
				CLANG_ANALYZER_NUMBER_OBJECT_CONVERSION = YES_AGGRESSIVE;
				CLANG_CXX_LANGUAGE_STANDARD = "gnu++20";
				CLANG_ENABLE_MODULES = YES;
				CLANG_ENABLE_OBJC_ARC = YES;
				CLANG_ENABLE_OBJC_WEAK = YES;
				CLANG_WARN_BLOCK_CAPTURE_AUTORELEASING = YES;
				CLANG_WARN_BOOL_CONVERSION = YES;
				CLANG_WARN_COMMA = YES;
				CLANG_WARN_CONSTANT_CONVERSION = YES;
				CLANG_WARN_DEPRECATED_OBJC_IMPLEMENTATIONS = YES;
				CLANG_WARN_DIRECT_OBJC_ISA_USAGE = YES_ERROR;
				CLANG_WARN_DOCUMENTATION_COMMENTS = YES;
				CLANG_WARN_EMPTY_BODY = YES;
				CLANG_WARN_ENUM_CONVERSION = YES;
				CLANG_WARN_INFINITE_RECURSION = YES;
				CLANG_WARN_INT_CONVERSION = YES;
				CLANG_WARN_NON_LITERAL_NULL_CONVERSION = YES;
				CLANG_WARN_OBJC_IMPLICIT_RETAIN_SELF = YES;
				CLANG_WARN_OBJC_LITERAL_CONVERSION = YES;
				CLANG_WARN_OBJC_ROOT_CLASS = YES_ERROR;
				CLANG_WARN_QUOTED_INCLUDE_IN_FRAMEWORK_HEADER = YES;
				CLANG_WARN_RANGE_LOOP_ANALYSIS = YES;
				CLANG_WARN_STRICT_PROTOTYPES = YES;
				CLANG_WARN_SUSPICIOUS_MOVE = YES;
				CLANG_WARN_UNGUARDED_AVAILABILITY = YES_AGGRESSIVE;
				CLANG_WARN_UNREACHABLE_CODE = YES;
				CLANG_WARN__DUPLICATE_METHOD_MATCH = YES;
				COPY_PHASE_STRIP = NO;
				DEBUG_INFORMATION_FORMAT = dwarf;
				ENABLE_STRICT_OBJC_MSGSEND = YES;
				ENABLE_TESTABILITY = YES;
				GCC_C_LANGUAGE_STANDARD = gnu11;
				GCC_DYNAMIC_NO_PIC = NO;
				GCC_NO_COMMON_BLOCKS = YES;
				GCC_OPTIMIZATION_LEVEL = 0;
				GCC_PREPROCESSOR_DEFINITIONS = (
					"DEBUG=1",
					"$(inherited)",
				);
				GCC_WARN_64_TO_32_BIT_CONVERSION = YES;
				GCC_WARN_ABOUT_RETURN_TYPE = YES_ERROR;
				GCC_WARN_UNDECLARED_SELECTOR = YES;
				GCC_WARN_UNINITIALIZED_AUTOS = YES_AGGRESSIVE;
				GCC_WARN_UNUSED_FUNCTION = YES;
				GCC_WARN_UNUSED_VARIABLE = YES;
				IPHONEOS_DEPLOYMENT_TARGET = 16.0;
				MTL_ENABLE_DEBUG_INFO = INCLUDE_SOURCE;
				MTL_FAST_MATH = YES;
				ONLY_ACTIVE_ARCH = YES;
				SDKROOT = iphoneos;
				SWIFT_ACTIVE_COMPILATION_CONDITIONS = DEBUG;
				SWIFT_OPTIMIZATION_LEVEL = "-Onone";
			};
			name = Debug;
		};
		AD61C3E928F80C3C0010A6B9 /* Release */ = {
			isa = XCBuildConfiguration;
			buildSettings = {
				ALWAYS_SEARCH_USER_PATHS = NO;
				CLANG_ANALYZER_NONNULL = YES;
				CLANG_ANALYZER_NUMBER_OBJECT_CONVERSION = YES_AGGRESSIVE;
				CLANG_CXX_LANGUAGE_STANDARD = "gnu++20";
				CLANG_ENABLE_MODULES = YES;
				CLANG_ENABLE_OBJC_ARC = YES;
				CLANG_ENABLE_OBJC_WEAK = YES;
				CLANG_WARN_BLOCK_CAPTURE_AUTORELEASING = YES;
				CLANG_WARN_BOOL_CONVERSION = YES;
				CLANG_WARN_COMMA = YES;
				CLANG_WARN_CONSTANT_CONVERSION = YES;
				CLANG_WARN_DEPRECATED_OBJC_IMPLEMENTATIONS = YES;
				CLANG_WARN_DIRECT_OBJC_ISA_USAGE = YES_ERROR;
				CLANG_WARN_DOCUMENTATION_COMMENTS = YES;
				CLANG_WARN_EMPTY_BODY = YES;
				CLANG_WARN_ENUM_CONVERSION = YES;
				CLANG_WARN_INFINITE_RECURSION = YES;
				CLANG_WARN_INT_CONVERSION = YES;
				CLANG_WARN_NON_LITERAL_NULL_CONVERSION = YES;
				CLANG_WARN_OBJC_IMPLICIT_RETAIN_SELF = YES;
				CLANG_WARN_OBJC_LITERAL_CONVERSION = YES;
				CLANG_WARN_OBJC_ROOT_CLASS = YES_ERROR;
				CLANG_WARN_QUOTED_INCLUDE_IN_FRAMEWORK_HEADER = YES;
				CLANG_WARN_RANGE_LOOP_ANALYSIS = YES;
				CLANG_WARN_STRICT_PROTOTYPES = YES;
				CLANG_WARN_SUSPICIOUS_MOVE = YES;
				CLANG_WARN_UNGUARDED_AVAILABILITY = YES_AGGRESSIVE;
				CLANG_WARN_UNREACHABLE_CODE = YES;
				CLANG_WARN__DUPLICATE_METHOD_MATCH = YES;
				COPY_PHASE_STRIP = NO;
				DEBUG_INFORMATION_FORMAT = "dwarf-with-dsym";
				ENABLE_NS_ASSERTIONS = NO;
				ENABLE_STRICT_OBJC_MSGSEND = YES;
				GCC_C_LANGUAGE_STANDARD = gnu11;
				GCC_NO_COMMON_BLOCKS = YES;
				GCC_WARN_64_TO_32_BIT_CONVERSION = YES;
				GCC_WARN_ABOUT_RETURN_TYPE = YES_ERROR;
				GCC_WARN_UNDECLARED_SELECTOR = YES;
				GCC_WARN_UNINITIALIZED_AUTOS = YES_AGGRESSIVE;
				GCC_WARN_UNUSED_FUNCTION = YES;
				GCC_WARN_UNUSED_VARIABLE = YES;
				IPHONEOS_DEPLOYMENT_TARGET = 16.0;
				MTL_ENABLE_DEBUG_INFO = NO;
				MTL_FAST_MATH = YES;
				SDKROOT = iphoneos;
				SWIFT_COMPILATION_MODE = wholemodule;
				SWIFT_OPTIMIZATION_LEVEL = "-O";
				VALIDATE_PRODUCT = YES;
			};
			name = Release;
		};
		AD61C3EB28F80C3C0010A6B9 /* Debug */ = {
			isa = XCBuildConfiguration;
			baseConfigurationReference = 6AB03373C0FA1C01B118E49E /* Pods-Radius.debug.xcconfig */;
			buildSettings = {
				ASSETCATALOG_COMPILER_APPICON_NAME = AppIcon;
				ASSETCATALOG_COMPILER_GLOBAL_ACCENT_COLOR_NAME = AccentColor;
				CLANG_ENABLE_MODULES = YES;
				CODE_SIGN_STYLE = Automatic;
				CURRENT_PROJECT_VERSION = 1;
				GENERATE_INFOPLIST_FILE = YES;
				INFOPLIST_FILE = Radius/Info.plist;
				INFOPLIST_KEY_UIApplicationSupportsIndirectInputEvents = YES;
				INFOPLIST_KEY_UILaunchStoryboardName = LaunchScreen;
				INFOPLIST_KEY_UIMainStoryboardFile = Main;
				INFOPLIST_KEY_UISupportedInterfaceOrientations_iPad = "UIInterfaceOrientationPortrait UIInterfaceOrientationPortraitUpsideDown UIInterfaceOrientationLandscapeLeft UIInterfaceOrientationLandscapeRight";
				INFOPLIST_KEY_UISupportedInterfaceOrientations_iPhone = "UIInterfaceOrientationPortrait UIInterfaceOrientationLandscapeLeft UIInterfaceOrientationLandscapeRight";
				LD_RUNPATH_SEARCH_PATHS = (
					"$(inherited)",
					"@executable_path/Frameworks",
				);
				MARKETING_VERSION = 1.0;
				PRODUCT_BUNDLE_IDENTIFIER = lilanyang.studio.Radius;
				PRODUCT_NAME = "$(TARGET_NAME)";
				SWIFT_EMIT_LOC_STRINGS = YES;
				SWIFT_OBJC_BRIDGING_HEADER = "Radius/Radius-Bridging-Header.h";
				SWIFT_OPTIMIZATION_LEVEL = "-Onone";
				SWIFT_VERSION = 5.0;
				TARGETED_DEVICE_FAMILY = "1,2";
			};
			name = Debug;
		};
		AD61C3EC28F80C3C0010A6B9 /* Release */ = {
			isa = XCBuildConfiguration;
			baseConfigurationReference = 708C48AB13C991BECB894734 /* Pods-Radius.release.xcconfig */;
			buildSettings = {
				ASSETCATALOG_COMPILER_APPICON_NAME = AppIcon;
				ASSETCATALOG_COMPILER_GLOBAL_ACCENT_COLOR_NAME = AccentColor;
				CLANG_ENABLE_MODULES = YES;
				CODE_SIGN_STYLE = Automatic;
				CURRENT_PROJECT_VERSION = 1;
				GENERATE_INFOPLIST_FILE = YES;
				INFOPLIST_FILE = Radius/Info.plist;
				INFOPLIST_KEY_UIApplicationSupportsIndirectInputEvents = YES;
				INFOPLIST_KEY_UILaunchStoryboardName = LaunchScreen;
				INFOPLIST_KEY_UIMainStoryboardFile = Main;
				INFOPLIST_KEY_UISupportedInterfaceOrientations_iPad = "UIInterfaceOrientationPortrait UIInterfaceOrientationPortraitUpsideDown UIInterfaceOrientationLandscapeLeft UIInterfaceOrientationLandscapeRight";
				INFOPLIST_KEY_UISupportedInterfaceOrientations_iPhone = "UIInterfaceOrientationPortrait UIInterfaceOrientationLandscapeLeft UIInterfaceOrientationLandscapeRight";
				LD_RUNPATH_SEARCH_PATHS = (
					"$(inherited)",
					"@executable_path/Frameworks",
				);
				MARKETING_VERSION = 1.0;
				PRODUCT_BUNDLE_IDENTIFIER = lilanyang.studio.Radius;
				PRODUCT_NAME = "$(TARGET_NAME)";
				SWIFT_EMIT_LOC_STRINGS = YES;
				SWIFT_OBJC_BRIDGING_HEADER = "Radius/Radius-Bridging-Header.h";
				SWIFT_VERSION = 5.0;
				TARGETED_DEVICE_FAMILY = "1,2";
			};
			name = Release;
		};
/* End XCBuildConfiguration section */

/* Begin XCConfigurationList section */
		AD61C3D128F80C3B0010A6B9 /* Build configuration list for PBXProject "Radius" */ = {
			isa = XCConfigurationList;
			buildConfigurations = (
				AD61C3E828F80C3C0010A6B9 /* Debug */,
				AD61C3E928F80C3C0010A6B9 /* Release */,
			);
			defaultConfigurationIsVisible = 0;
			defaultConfigurationName = Release;
		};
		AD61C3EA28F80C3C0010A6B9 /* Build configuration list for PBXNativeTarget "Radius" */ = {
			isa = XCConfigurationList;
			buildConfigurations = (
				AD61C3EB28F80C3C0010A6B9 /* Debug */,
				AD61C3EC28F80C3C0010A6B9 /* Release */,
			);
			defaultConfigurationIsVisible = 0;
			defaultConfigurationName = Release;
		};
/* End XCConfigurationList section */
	};
	rootObject = AD61C3CE28F80C3B0010A6B9 /* Project object */;
}
